
Microsoft Visual Studio Solution File, Format Version 12.00
# Visual Studio Version 16
VisualStudioVersion = 16.0.30611.23
MinimumVisualStudioVersion = 10.0.40219.1
Project("{2150E333-8FDC-42A3-9474-1A3956D46DE8}") = "src", "src", "{9EA620AD-3EC1-40FF-8915-880B0075CE4A}"
EndProject
Project("{2150E333-8FDC-42A3-9474-1A3956D46DE8}") = "Building Blocks", "Building Blocks", "{8DBE272E-983F-4ABD-BD7F-738CB71FD2F5}"
EndProject
Project("{2150E333-8FDC-42A3-9474-1A3956D46DE8}") = "Services", "Services", "{5472A58F-0658-4FD8-B1DD-94665053AA9D}"
EndProject
Project("{2150E333-8FDC-42A3-9474-1A3956D46DE8}") = "Web", "Web", "{B37E4ECD-5E1C-463D-A143-228D8342155D}"
EndProject
Project("{2150E333-8FDC-42A3-9474-1A3956D46DE8}") = "Identidade", "Identidade", "{C47A0293-067F-4452-9171-FE5FC01E9036}"
EndProject
Project("{9A19103F-16F7-4668-BE54-9A1E7A4F7556}") = "NSE.Identidade.API", "src\services\NSE.Identidade.API\NSE.Identidade.API.csproj", "{B3ADBD4A-A13D-4895-9117-3A151A09BCEA}"
EndProject
Project("{2150E333-8FDC-42A3-9474-1A3956D46DE8}") = "MVC", "MVC", "{0A2A4F74-D1D6-4D26-9415-F0F27E2609BA}"
EndProject
Project("{9A19103F-16F7-4668-BE54-9A1E7A4F7556}") = "NSE.WebApp.MVC", "src\web\NSE.WebApp.MVC\NSE.WebApp.MVC.csproj", "{8BA4246A-8CB7-49A4-8522-EF605E5992B6}"
EndProject
Project("{2150E333-8FDC-42A3-9474-1A3956D46DE8}") = "Core", "Core", "{7F1BAB17-E1A2-443A-8142-8E9CDC385021}"
EndProject
Project("{9A19103F-16F7-4668-BE54-9A1E7A4F7556}") = "NSE.Core", "src\building blocks\NSE.Core\NSE.Core.csproj", "{B5648D01-BB10-4092-8F5B-E9ED58D3878A}"
EndProject
Project("{2150E333-8FDC-42A3-9474-1A3956D46DE8}") = "Carrinho", "Carrinho", "{EE532795-AB5A-4EF6-A5B6-D52B1E6D93D6}"
EndProject
Project("{9A19103F-16F7-4668-BE54-9A1E7A4F7556}") = "NSE.Carrinho.API", "src\services\NSE.Carrinho.API\NSE.Carrinho.API.csproj", "{AE7A6A5B-0078-4131-9605-18DAC0723B7C}"
EndProject
Project("{2150E333-8FDC-42A3-9474-1A3956D46DE8}") = "Catalogo", "Catalogo", "{E01CBF08-530D-4898-99F4-6B25D9CFFFE0}"
EndProject
Project("{9A19103F-16F7-4668-BE54-9A1E7A4F7556}") = "NSE.Catalogo.API", "src\services\NSE.Catalogo.API\NSE.Catalogo.API.csproj", "{0C4EFA4E-CD4B-4D26-BD3F-80B161EAA703}"
EndProject
Project("{2150E333-8FDC-42A3-9474-1A3956D46DE8}") = "Cliente", "Cliente", "{543F6514-1609-4F5E-B537-5FF753A471D5}"
EndProject
Project("{9A19103F-16F7-4668-BE54-9A1E7A4F7556}") = "NSE.Clientes.API", "src\services\NSE.Cliente.API\NSE.Clientes.API.csproj", "{2F263DD8-825A-4BC9-896B-CC6FDA2B7E4A}"
EndProject
Project("{2150E333-8FDC-42A3-9474-1A3956D46DE8}") = "Pagamento", "Pagamento", "{717E4C42-1C47-4097-A41B-FEAFD5E8682F}"
EndProject
Project("{9A19103F-16F7-4668-BE54-9A1E7A4F7556}") = "NSE.Pagamento.API", "src\services\NSE.Pagamento.API\NSE.Pagamento.API.csproj", "{729B0967-45F3-42FE-A9DF-62AF25CE7952}"
EndProject
Project("{2150E333-8FDC-42A3-9474-1A3956D46DE8}") = "Pedido", "Pedido", "{D154DB94-1D65-4EBC-B0E1-851B4BBE5926}"
EndProject
Project("{9A19103F-16F7-4668-BE54-9A1E7A4F7556}") = "NSE.Pedido.API", "src\services\NSE.Pedido.API\NSE.Pedido.API.csproj", "{6B4A2C80-38B2-4F52-A809-B2F001273822}"
EndProject
Project("{2150E333-8FDC-42A3-9474-1A3956D46DE8}") = "Services", "Services", "{40E7FABD-CBEB-4CDC-A2B6-D6D643D21237}"
EndProject
Project("{9A19103F-16F7-4668-BE54-9A1E7A4F7556}") = "NSE.WebApi.Core", "src\building blocks\NSE.WebApi.Core\NSE.WebApi.Core.csproj", "{C1B1123E-26D6-4A6B-887B-D3CEA3D520F0}"
EndProject
Project("{2150E333-8FDC-42A3-9474-1A3956D46DE8}") = "MessageBus", "MessageBus", "{0409AE8E-5637-4F11-AECB-6F9A0CE0B981}"
EndProject
Project("{FAE04EC0-301F-11D3-BF4B-00C04F79EFBC}") = "NSE.MessageBus", "src\building blocks\NSE.MessageBus\NSE.MessageBus.csproj", "{DC1D5408-4768-4801-B678-4E2DBB6AA828}"
EndProject
Global
	GlobalSection(SolutionConfigurationPlatforms) = preSolution
		Debug|Any CPU = Debug|Any CPU
		Release|Any CPU = Release|Any CPU
	EndGlobalSection
	GlobalSection(ProjectConfigurationPlatforms) = postSolution
		{B3ADBD4A-A13D-4895-9117-3A151A09BCEA}.Debug|Any CPU.ActiveCfg = Debug|Any CPU
		{B3ADBD4A-A13D-4895-9117-3A151A09BCEA}.Debug|Any CPU.Build.0 = Debug|Any CPU
		{B3ADBD4A-A13D-4895-9117-3A151A09BCEA}.Release|Any CPU.ActiveCfg = Release|Any CPU
		{B3ADBD4A-A13D-4895-9117-3A151A09BCEA}.Release|Any CPU.Build.0 = Release|Any CPU
		{8BA4246A-8CB7-49A4-8522-EF605E5992B6}.Debug|Any CPU.ActiveCfg = Debug|Any CPU
		{8BA4246A-8CB7-49A4-8522-EF605E5992B6}.Debug|Any CPU.Build.0 = Debug|Any CPU
		{8BA4246A-8CB7-49A4-8522-EF605E5992B6}.Release|Any CPU.ActiveCfg = Release|Any CPU
		{8BA4246A-8CB7-49A4-8522-EF605E5992B6}.Release|Any CPU.Build.0 = Release|Any CPU
		{B5648D01-BB10-4092-8F5B-E9ED58D3878A}.Debug|Any CPU.ActiveCfg = Debug|Any CPU
		{B5648D01-BB10-4092-8F5B-E9ED58D3878A}.Debug|Any CPU.Build.0 = Debug|Any CPU
		{B5648D01-BB10-4092-8F5B-E9ED58D3878A}.Release|Any CPU.ActiveCfg = Release|Any CPU
		{B5648D01-BB10-4092-8F5B-E9ED58D3878A}.Release|Any CPU.Build.0 = Release|Any CPU
		{AE7A6A5B-0078-4131-9605-18DAC0723B7C}.Debug|Any CPU.ActiveCfg = Debug|Any CPU
		{AE7A6A5B-0078-4131-9605-18DAC0723B7C}.Debug|Any CPU.Build.0 = Debug|Any CPU
		{AE7A6A5B-0078-4131-9605-18DAC0723B7C}.Release|Any CPU.ActiveCfg = Release|Any CPU
		{AE7A6A5B-0078-4131-9605-18DAC0723B7C}.Release|Any CPU.Build.0 = Release|Any CPU
		{0C4EFA4E-CD4B-4D26-BD3F-80B161EAA703}.Debug|Any CPU.ActiveCfg = Debug|Any CPU
		{0C4EFA4E-CD4B-4D26-BD3F-80B161EAA703}.Debug|Any CPU.Build.0 = Debug|Any CPU
		{0C4EFA4E-CD4B-4D26-BD3F-80B161EAA703}.Release|Any CPU.ActiveCfg = Release|Any CPU
		{0C4EFA4E-CD4B-4D26-BD3F-80B161EAA703}.Release|Any CPU.Build.0 = Release|Any CPU
		{2F263DD8-825A-4BC9-896B-CC6FDA2B7E4A}.Debug|Any CPU.ActiveCfg = Debug|Any CPU
		{2F263DD8-825A-4BC9-896B-CC6FDA2B7E4A}.Debug|Any CPU.Build.0 = Debug|Any CPU
		{2F263DD8-825A-4BC9-896B-CC6FDA2B7E4A}.Release|Any CPU.ActiveCfg = Release|Any CPU
		{2F263DD8-825A-4BC9-896B-CC6FDA2B7E4A}.Release|Any CPU.Build.0 = Release|Any CPU
		{729B0967-45F3-42FE-A9DF-62AF25CE7952}.Debug|Any CPU.ActiveCfg = Debug|Any CPU
		{729B0967-45F3-42FE-A9DF-62AF25CE7952}.Debug|Any CPU.Build.0 = Debug|Any CPU
		{729B0967-45F3-42FE-A9DF-62AF25CE7952}.Release|Any CPU.ActiveCfg = Release|Any CPU
		{729B0967-45F3-42FE-A9DF-62AF25CE7952}.Release|Any CPU.Build.0 = Release|Any CPU
		{6B4A2C80-38B2-4F52-A809-B2F001273822}.Debug|Any CPU.ActiveCfg = Debug|Any CPU
		{6B4A2C80-38B2-4F52-A809-B2F001273822}.Debug|Any CPU.Build.0 = Debug|Any CPU
		{6B4A2C80-38B2-4F52-A809-B2F001273822}.Release|Any CPU.ActiveCfg = Release|Any CPU
		{6B4A2C80-38B2-4F52-A809-B2F001273822}.Release|Any CPU.Build.0 = Release|Any CPU
		{C1B1123E-26D6-4A6B-887B-D3CEA3D520F0}.Debug|Any CPU.ActiveCfg = Debug|Any CPU
		{C1B1123E-26D6-4A6B-887B-D3CEA3D520F0}.Debug|Any CPU.Build.0 = Debug|Any CPU
		{C1B1123E-26D6-4A6B-887B-D3CEA3D520F0}.Release|Any CPU.ActiveCfg = Release|Any CPU
		{C1B1123E-26D6-4A6B-887B-D3CEA3D520F0}.Release|Any CPU.Build.0 = Release|Any CPU
		{DC1D5408-4768-4801-B678-4E2DBB6AA828}.Debug|Any CPU.ActiveCfg = Debug|Any CPU
		{DC1D5408-4768-4801-B678-4E2DBB6AA828}.Debug|Any CPU.Build.0 = Debug|Any CPU
		{DC1D5408-4768-4801-B678-4E2DBB6AA828}.Release|Any CPU.ActiveCfg = Release|Any CPU
		{DC1D5408-4768-4801-B678-4E2DBB6AA828}.Release|Any CPU.Build.0 = Release|Any CPU
	EndGlobalSection
	GlobalSection(SolutionProperties) = preSolution
		HideSolutionNode = FALSE
	EndGlobalSection
	GlobalSection(NestedProjects) = preSolution
		{8DBE272E-983F-4ABD-BD7F-738CB71FD2F5} = {9EA620AD-3EC1-40FF-8915-880B0075CE4A}
		{5472A58F-0658-4FD8-B1DD-94665053AA9D} = {9EA620AD-3EC1-40FF-8915-880B0075CE4A}
		{B37E4ECD-5E1C-463D-A143-228D8342155D} = {9EA620AD-3EC1-40FF-8915-880B0075CE4A}
		{C47A0293-067F-4452-9171-FE5FC01E9036} = {5472A58F-0658-4FD8-B1DD-94665053AA9D}
		{B3ADBD4A-A13D-4895-9117-3A151A09BCEA} = {C47A0293-067F-4452-9171-FE5FC01E9036}
		{0A2A4F74-D1D6-4D26-9415-F0F27E2609BA} = {B37E4ECD-5E1C-463D-A143-228D8342155D}
		{8BA4246A-8CB7-49A4-8522-EF605E5992B6} = {0A2A4F74-D1D6-4D26-9415-F0F27E2609BA}
		{7F1BAB17-E1A2-443A-8142-8E9CDC385021} = {8DBE272E-983F-4ABD-BD7F-738CB71FD2F5}
		{B5648D01-BB10-4092-8F5B-E9ED58D3878A} = {7F1BAB17-E1A2-443A-8142-8E9CDC385021}
		{EE532795-AB5A-4EF6-A5B6-D52B1E6D93D6} = {5472A58F-0658-4FD8-B1DD-94665053AA9D}
		{AE7A6A5B-0078-4131-9605-18DAC0723B7C} = {EE532795-AB5A-4EF6-A5B6-D52B1E6D93D6}
		{E01CBF08-530D-4898-99F4-6B25D9CFFFE0} = {5472A58F-0658-4FD8-B1DD-94665053AA9D}
		{0C4EFA4E-CD4B-4D26-BD3F-80B161EAA703} = {E01CBF08-530D-4898-99F4-6B25D9CFFFE0}
		{543F6514-1609-4F5E-B537-5FF753A471D5} = {5472A58F-0658-4FD8-B1DD-94665053AA9D}
		{2F263DD8-825A-4BC9-896B-CC6FDA2B7E4A} = {543F6514-1609-4F5E-B537-5FF753A471D5}
		{717E4C42-1C47-4097-A41B-FEAFD5E8682F} = {5472A58F-0658-4FD8-B1DD-94665053AA9D}
		{729B0967-45F3-42FE-A9DF-62AF25CE7952} = {717E4C42-1C47-4097-A41B-FEAFD5E8682F}
		{D154DB94-1D65-4EBC-B0E1-851B4BBE5926} = {5472A58F-0658-4FD8-B1DD-94665053AA9D}
		{6B4A2C80-38B2-4F52-A809-B2F001273822} = {D154DB94-1D65-4EBC-B0E1-851B4BBE5926}
		{40E7FABD-CBEB-4CDC-A2B6-D6D643D21237} = {8DBE272E-983F-4ABD-BD7F-738CB71FD2F5}
		{C1B1123E-26D6-4A6B-887B-D3CEA3D520F0} = {40E7FABD-CBEB-4CDC-A2B6-D6D643D21237}
		{0409AE8E-5637-4F11-AECB-6F9A0CE0B981} = {8DBE272E-983F-4ABD-BD7F-738CB71FD2F5}
		{DC1D5408-4768-4801-B678-4E2DBB6AA828} = {0409AE8E-5637-4F11-AECB-6F9A0CE0B981}
	EndGlobalSection
	GlobalSection(ExtensibilityGlobals) = postSolution
		SolutionGuid = {40EFCB95-82E0-47A7-87AC-B935EEA26825}
	EndGlobalSection
EndGlobal
